
Microsoft Visual Studio Solution File, Format Version 10.00
# Visual Studio 2008
Project("{FAE04EC0-301F-11D3-BF4B-00C04F79EFBC}") = "SearchPositionFinderTest", "SearchPositionFinderTest\SearchPositionFinderTest.csproj", "{8537C952-A057-4DAE-A834-8396AAEC1778}"
EndProject
Project("{2150E333-8FDC-42A3-9474-1A3956D46DE8}") = "Solution Items", "Solution Items", "{E990594C-35CF-42AB-82BA-DA4AD36317EA}"
	ProjectSection(SolutionItems) = preProject
		LocalTestRun.testrunconfig = LocalTestRun.testrunconfig
		search-position-finder.vsmdi = search-position-finder.vsmdi
	EndProjectSection
EndProject
Project("{FAE04EC0-301F-11D3-BF4B-00C04F79EFBC}") = "SearchPositionFinder", "SearchPositionFinder\SearchPositionFinder.csproj", "{73FD2744-F36C-49FA-B782-32C04B7F0A68}"
EndProject
Global
	GlobalSection(SubversionScc) = preSolution
		Svn-Managed = True
		Manager = AnkhSVN - Subversion Support for Visual Studio
	EndGlobalSection
	GlobalSection(TestCaseManagementSettings) = postSolution
		CategoryFile = search-position-finder.vsmdi
	EndGlobalSection
	GlobalSection(SolutionConfigurationPlatforms) = preSolution
		Debug|Any CPU = Debug|Any CPU
		Release|Any CPU = Release|Any CPU
	EndGlobalSection
	GlobalSection(ProjectConfigurationPlatforms) = postSolution
		{8537C952-A057-4DAE-A834-8396AAEC1778}.Debug|Any CPU.ActiveCfg = Debug|Any CPU
		{8537C952-A057-4DAE-A834-8396AAEC1778}.Debug|Any CPU.Build.0 = Debug|Any CPU
		{8537C952-A057-4DAE-A834-8396AAEC1778}.Release|Any CPU.ActiveCfg = Release|Any CPU
		{8537C952-A057-4DAE-A834-8396AAEC1778}.Release|Any CPU.Build.0 = Release|Any CPU
		{73FD2744-F36C-49FA-B782-32C04B7F0A68}.Debug|Any CPU.ActiveCfg = Debug|Any CPU
		{73FD2744-F36C-49FA-B782-32C04B7F0A68}.Debug|Any CPU.Build.0 = Debug|Any CPU
		{73FD2744-F36C-49FA-B782-32C04B7F0A68}.Release|Any CPU.ActiveCfg = Release|Any CPU
		{73FD2744-F36C-49FA-B782-32C04B7F0A68}.Release|Any CPU.Build.0 = Release|Any CPU
	EndGlobalSection
	GlobalSection(SolutionProperties) = preSolution
		HideSolutionNode = FALSE
	EndGlobalSection
EndGlobal
